
Microsoft Visual Studio Solution File, Format Version 12.00
# Visual Studio 15
VisualStudioVersion = 15.0.28307.779
MinimumVisualStudioVersion = 10.0.40219.1
Project("{FAE04EC0-301F-11D3-BF4B-00C04F79EFBC}") = "CrmBL", "CrmBL\CrmBL.csproj", "{512FF54F-F5C6-4DF8-AA64-166F0E54AC11}"
EndProject
Project("{FAE04EC0-301F-11D3-BF4B-00C04F79EFBC}") = "CrmUI", "CrmUI\CrmUI.csproj", "{3809F6F3-1923-4094-9C23-E91D885E678B}"
EndProject
Global
	GlobalSection(SolutionConfigurationPlatforms) = preSolution
		Debug|Any CPU = Debug|Any CPU
		Release|Any CPU = Release|Any CPU
	EndGlobalSection
	GlobalSection(ProjectConfigurationPlatforms) = postSolution
		{512FF54F-F5C6-4DF8-AA64-166F0E54AC11}.Debug|Any CPU.ActiveCfg = Debug|Any CPU
		{512FF54F-F5C6-4DF8-AA64-166F0E54AC11}.Debug|Any CPU.Build.0 = Debug|Any CPU
		{512FF54F-F5C6-4DF8-AA64-166F0E54AC11}.Release|Any CPU.ActiveCfg = Release|Any CPU
		{512FF54F-F5C6-4DF8-AA64-166F0E54AC11}.Release|Any CPU.Build.0 = Release|Any CPU
		{3809F6F3-1923-4094-9C23-E91D885E678B}.Debug|Any CPU.ActiveCfg = Debug|Any CPU
		{3809F6F3-1923-4094-9C23-E91D885E678B}.Debug|Any CPU.Build.0 = Debug|Any CPU
		{3809F6F3-1923-4094-9C23-E91D885E678B}.Release|Any CPU.ActiveCfg = Release|Any CPU
		{3809F6F3-1923-4094-9C23-E91D885E678B}.Release|Any CPU.Build.0 = Release|Any CPU
	EndGlobalSection
	GlobalSection(SolutionProperties) = preSolution
		HideSolutionNode = FALSE
	EndGlobalSection
	GlobalSection(ExtensibilityGlobals) = postSolution
		SolutionGuid = {EB3D00D5-BD5F-450B-B129-798028BF6AE0}
	EndGlobalSection
EndGlobal
